version = 1
revision = 1
requires-python = ">=3.13"

[[package]]
name = "grist-redis-exporter"
version = "0.1.0"
source = { virtual = "." }
dependencies = [
    { name = "prometheus-client" },
    { name = "redis", extra = ["hiredis"] },
]

[package.dev-dependencies]
dev = [
    { name = "isort" },
]

[package.metadata]
requires-dist = [
    { name = "prometheus-client", specifier = ">=0.21.1" },
    { name = "redis", extras = ["hiredis"], specifier = ">=5.2.1" },
]

[package.metadata.requires-dev]
dev = [{ name = "isort", specifier = ">=6.0.1" }]

[[package]]
name = "hiredis"
version = "3.1.0"
source = { registry = "https://pypi.org/simple" }
sdist = { url = "https://files.pythonhosted.org/packages/38/e5/789cfa8993ced0061a6ef7ea758302ef5cf3439629bf0d39c85a6ede4641/hiredis-3.1.0.tar.gz", hash = "sha256:51d40ac3611091020d7dea6b05ed62cb152bff595fa4f931e7b6479d777acf7c", size = 87616 }
wheels = [
    { url = "https://files.pythonhosted.org/packages/7b/b0/0b4f96f537d259b818e4ee7657616eb6fabc0612eb4150d2253f84e33f8f/hiredis-3.1.0-cp313-cp313-macosx_10_15_universal2.whl", hash = "sha256:b87cddd8107487863fed6994de51e5594a0be267b0b19e213694e99cdd614623", size = 81311 },
    { url = "https://files.pythonhosted.org/packages/79/85/bd6cb6f7645a3803111a4f07fb2b55a23b836725bc8ec74ac7623fe8bef4/hiredis-3.1.0-cp313-cp313-macosx_10_15_x86_64.whl", hash = "sha256:d302deff8cb63a7feffc1844e4dafc8076e566bbf10c5aaaf0f4fe791b8a6bd0", size = 44550 },
    { url = "https://files.pythonhosted.org/packages/13/48/b53c5d10d3fd073a2046d096d9d415d61b3564f74b0499ec757ddaf7cddc/hiredis-3.1.0-cp313-cp313-macosx_11_0_arm64.whl", hash = "sha256:4a018340c073cf88cb635b2bedff96619df2f666018c655e7911f46fa2c1c178", size = 42471 },
    { url = "https://files.pythonhosted.org/packages/dd/a0/f9da8e920c1871edf703dfa05dd6781a3c53e5574cd2e4b38a438053a533/hiredis-3.1.0-cp313-cp313-manylinux_2_17_aarch64.manylinux2014_aarch64.whl", hash = "sha256:f1e8ba6414ac1ae536129e18c069f3eb497df5a74e136e3566471620a4fa5f95", size = 168219 },
    { url = "https://files.pythonhosted.org/packages/42/59/82a3625dc9fc77f43b38d272eef8c731e359e535a13b29b83ce220d47f5d/hiredis-3.1.0-cp313-cp313-manylinux_2_17_ppc64le.manylinux2014_ppc64le.whl", hash = "sha256:a86b9fef256c2beb162244791fdc025aa55f936d6358e86e2020e512fe2e4972", size = 179065 },
    { url = "https://files.pythonhosted.org/packages/b2/aa/66933e4101198f2e2ae379c091fb9a8131cd3dce7a1e6d8fa5ff51244239/hiredis-3.1.0-cp313-cp313-manylinux_2_17_s390x.manylinux2014_s390x.whl", hash = "sha256:7acdc68e29a446ad17aadaff19c981a36b3bd8c894c3520412c8a7ab1c3e0de7", size = 168508 },
    { url = "https://files.pythonhosted.org/packages/7a/da/e1475f4d51225cbc4b04e3be22ecb6da80a536b747aa4bb263af318d8555/hiredis-3.1.0-cp313-cp313-manylinux_2_17_x86_64.manylinux2014_x86_64.whl", hash = "sha256:c7e06baea05de57e1e7548064f505a6964e992674fe61b8f274afe2ac93b6371", size = 168989 },
    { url = "https://files.pythonhosted.org/packages/34/d7/52dd39b5abb81eb24726934c3b9138cc9a30231fb93da8a3e2f829e3598c/hiredis-3.1.0-cp313-cp313-manylinux_2_5_i686.manylinux1_i686.manylinux_2_17_i686.manylinux2014_i686.whl", hash = "sha256:35b5fc061c8a0dbfdb440053280504d6aaa8d9726bd4d1d0e1cfcbbdf0d60b73", size = 164488 },
    { url = "https://files.pythonhosted.org/packages/13/dd/aecfd9f24015b7e892304d6feb888db25b01492f05730f8f45155887de1f/hiredis-3.1.0-cp313-cp313-musllinux_1_2_aarch64.whl", hash = "sha256:c89d2dcb271d24c44f02264233b75d5db8c58831190fa92456a90b87fa17b748", size = 162476 },
    { url = "https://files.pythonhosted.org/packages/ff/77/4a5357b29e4c9f573439246d27cabad470ea4367a60a86f01c2a31c7c63f/hiredis-3.1.0-cp313-cp313-musllinux_1_2_i686.whl", hash = "sha256:aa36688c10a08f626fddcf68c2b1b91b0e90b070c26e550a4151a877f5c2d431", size = 161380 },
    { url = "https://files.pythonhosted.org/packages/aa/5e/b357511490626e9c39b3148612bda945f2cd0c8dcd149f36fd7b9512bff4/hiredis-3.1.0-cp313-cp313-musllinux_1_2_ppc64le.whl", hash = "sha256:f3982a9c16c1c4bc05a00b65d01ffb8d80ea1a7b6b533be2f1a769d3e989d2c0", size = 173505 },
    { url = "https://files.pythonhosted.org/packages/3e/82/50c015dcf04ea85a89c4603684da9d95c7850931b5320c02c6f3d7ddd78f/hiredis-3.1.0-cp313-cp313-musllinux_1_2_s390x.whl", hash = "sha256:d1a6f889514ee2452300c9a06862fceedef22a2891f1c421a27b1ba52ef130b2", size = 165928 },
    { url = "https://files.pythonhosted.org/packages/82/10/bd8f39423b0cb9624ccaf08d5e9c04f72dd46e9e9fc82e95cec42a42428d/hiredis-3.1.0-cp313-cp313-musllinux_1_2_x86_64.whl", hash = "sha256:8a45ff7915392a55d9386bb235ea1d1eb9960615f301979f02143fc20036b699", size = 163902 },
    { url = "https://files.pythonhosted.org/packages/0b/77/00b420ad567875e5a4b37a16f1a89fef1a22c6a9e1a12195c77bb5b101dd/hiredis-3.1.0-cp313-cp313-win32.whl", hash = "sha256:539e5bb725b62b76a5319a4e68fc7085f01349abc2316ef3df608ea0883c51d2", size = 20211 },
    { url = "https://files.pythonhosted.org/packages/cc/04/eaa88433249ddfc282018d3da4198d0b0018e48768e137bfad304aacb1ec/hiredis-3.1.0-cp313-cp313-win_amd64.whl", hash = "sha256:9020fd7e58f489fda6a928c31355add0e665fd6b87b21954e675cf9943eafa32", size = 22004 },
]

[[package]]
name = "isort"
version = "6.0.1"
source = { registry = "https://pypi.org/simple" }
sdist = { url = "https://files.pythonhosted.org/packages/b8/21/1e2a441f74a653a144224d7d21afe8f4169e6c7c20bb13aec3a2dc3815e0/isort-6.0.1.tar.gz", hash = "sha256:1cb5df28dfbc742e490c5e41bad6da41b805b0a8be7bc93cd0fb2a8a890ac450", size = 821955 }
wheels = [
    { url = "https://files.pythonhosted.org/packages/c1/11/114d0a5f4dabbdcedc1125dee0888514c3c3b16d3e9facad87ed96fad97c/isort-6.0.1-py3-none-any.whl", hash = "sha256:2dc5d7f65c9678d94c88dfc29161a320eec67328bc97aad576874cb4be1e9615", size = 94186 },
]

[[package]]
name = "prometheus-client"
version = "0.21.1"
source = { registry = "https://pypi.org/simple" }
sdist = { url = "https://files.pythonhosted.org/packages/62/14/7d0f567991f3a9af8d1cd4f619040c93b68f09a02b6d0b6ab1b2d1ded5fe/prometheus_client-0.21.1.tar.gz", hash = "sha256:252505a722ac04b0456be05c05f75f45d760c2911ffc45f2a06bcaed9f3ae3fb", size = 78551 }
wheels = [
    { url = "https://files.pythonhosted.org/packages/ff/c2/ab7d37426c179ceb9aeb109a85cda8948bb269b7561a0be870cc656eefe4/prometheus_client-0.21.1-py3-none-any.whl", hash = "sha256:594b45c410d6f4f8888940fe80b5cc2521b305a1fafe1c58609ef715a001f301", size = 54682 },
]

[[package]]
name = "redis"
version = "5.2.1"
source = { registry = "https://pypi.org/simple" }
sdist = { url = "https://files.pythonhosted.org/packages/47/da/d283a37303a995cd36f8b92db85135153dc4f7a8e4441aa827721b442cfb/redis-5.2.1.tar.gz", hash = "sha256:16f2e22dff21d5125e8481515e386711a34cbec50f0e44413dd7d9c060a54e0f", size = 4608355 }
wheels = [
    { url = "https://files.pythonhosted.org/packages/3c/5f/fa26b9b2672cbe30e07d9a5bdf39cf16e3b80b42916757c5f92bca88e4ba/redis-5.2.1-py3-none-any.whl", hash = "sha256:ee7e1056b9aea0f04c6c2ed59452947f34c4940ee025f5dd83e6a6418b6989e4", size = 261502 },
]

[package.optional-dependencies]
hiredis = [
    { name = "hiredis" },
]
